
Microsoft Visual Studio Solution File, Format Version 12.00
# Visual Studio Version 17
VisualStudioVersion = 17.8.34330.188
MinimumVisualStudioVersion = 10.0.40219.1
Project("{9A19103F-16F7-4668-BE54-9A1E7A4F7556}") = "Flight_Project", "Flight_Project\Flight_Project.csproj", "{84A1F192-CD93-4BD7-BD5A-1447F4475712}"
EndProject
Global
	GlobalSection(SolutionConfigurationPlatforms) = preSolution
		Debug|Any CPU = Debug|Any CPU
		Release|Any CPU = Release|Any CPU
	EndGlobalSection
	GlobalSection(ProjectConfigurationPlatforms) = postSolution
		{84A1F192-CD93-4BD7-BD5A-1447F4475712}.Debug|Any CPU.ActiveCfg = Debug|Any CPU
		{84A1F192-CD93-4BD7-BD5A-1447F4475712}.Debug|Any CPU.Build.0 = Debug|Any CPU
		{84A1F192-CD93-4BD7-BD5A-1447F4475712}.Release|Any CPU.ActiveCfg = Release|Any CPU
		{84A1F192-CD93-4BD7-BD5A-1447F4475712}.Release|Any CPU.Build.0 = Release|Any CPU
	EndGlobalSection
	GlobalSection(SolutionProperties) = preSolution
		HideSolutionNode = FALSE
	EndGlobalSection
	GlobalSection(ExtensibilityGlobals) = postSolution
		SolutionGuid = {C5D83E9F-439F-4FD4-9A47-F8BD5DEE50FA}
	EndGlobalSection
EndGlobal
